
Microsoft Visual Studio Solution File, Format Version 12.00
# Visual Studio 2015
Project("{FAE04EC0-301F-11D3-BF4B-00C04F79EFBC}") = "PictureFrame", "PictureFrame.csproj", "{8E46E1E7-BCF5-C1FA-2B9B-84F846B8F84D}"
EndProject
Project("{FAE04EC0-301F-11D3-BF4B-00C04F79EFBC}") = "PictureFrame.Editor", "PictureFrame.Editor.csproj", "{0749C2D7-18A2-72E9-D106-2A07845DE23F}"
EndProject
Global
	GlobalSection(SolutionConfigurationPlatforms) = preSolution
		Debug|Any CPU = Debug|Any CPU
		Release|Any CPU = Release|Any CPU
	EndGlobalSection
	GlobalSection(ProjectConfigurationPlatforms) = postSolution
		{8E46E1E7-BCF5-C1FA-2B9B-84F846B8F84D}.Debug|Any CPU.ActiveCfg = Debug|Any CPU
		{8E46E1E7-BCF5-C1FA-2B9B-84F846B8F84D}.Debug|Any CPU.Build.0 = Debug|Any CPU
		{8E46E1E7-BCF5-C1FA-2B9B-84F846B8F84D}.Release|Any CPU.ActiveCfg = Release|Any CPU
		{8E46E1E7-BCF5-C1FA-2B9B-84F846B8F84D}.Release|Any CPU.Build.0 = Release|Any CPU
		{0749C2D7-18A2-72E9-D106-2A07845DE23F}.Debug|Any CPU.ActiveCfg = Debug|Any CPU
		{0749C2D7-18A2-72E9-D106-2A07845DE23F}.Debug|Any CPU.Build.0 = Debug|Any CPU
		{0749C2D7-18A2-72E9-D106-2A07845DE23F}.Release|Any CPU.ActiveCfg = Release|Any CPU
		{0749C2D7-18A2-72E9-D106-2A07845DE23F}.Release|Any CPU.Build.0 = Release|Any CPU
	EndGlobalSection
	GlobalSection(SolutionProperties) = preSolution
		HideSolutionNode = FALSE
	EndGlobalSection
EndGlobal
