
Microsoft Visual Studio Solution File, Format Version 12.00
# Visual Studio 2015
Project("{FAE04EC0-301F-11D3-BF4B-00C04F79EFBC}") = "ANL-Combined", "ANL-Combined.csproj", "{BB4E2363-9F5F-BC68-410B-0C2F05BDB712}"
EndProject
Project("{FAE04EC0-301F-11D3-BF4B-00C04F79EFBC}") = "ANL-Combined.Editor", "ANL-Combined.Editor.csproj", "{8A973B7C-D122-6224-C60C-D6E71E61D51E}"
EndProject
Global
	GlobalSection(SolutionConfigurationPlatforms) = preSolution
		Debug|Any CPU = Debug|Any CPU
		Release|Any CPU = Release|Any CPU
	EndGlobalSection
	GlobalSection(ProjectConfigurationPlatforms) = postSolution
		{BB4E2363-9F5F-BC68-410B-0C2F05BDB712}.Debug|Any CPU.ActiveCfg = Debug|Any CPU
		{BB4E2363-9F5F-BC68-410B-0C2F05BDB712}.Debug|Any CPU.Build.0 = Debug|Any CPU
		{BB4E2363-9F5F-BC68-410B-0C2F05BDB712}.Release|Any CPU.ActiveCfg = Release|Any CPU
		{BB4E2363-9F5F-BC68-410B-0C2F05BDB712}.Release|Any CPU.Build.0 = Release|Any CPU
		{8A973B7C-D122-6224-C60C-D6E71E61D51E}.Debug|Any CPU.ActiveCfg = Debug|Any CPU
		{8A973B7C-D122-6224-C60C-D6E71E61D51E}.Debug|Any CPU.Build.0 = Debug|Any CPU
		{8A973B7C-D122-6224-C60C-D6E71E61D51E}.Release|Any CPU.ActiveCfg = Release|Any CPU
		{8A973B7C-D122-6224-C60C-D6E71E61D51E}.Release|Any CPU.Build.0 = Release|Any CPU
	EndGlobalSection
	GlobalSection(SolutionProperties) = preSolution
		HideSolutionNode = FALSE
	EndGlobalSection
EndGlobal
